// !$*UTF8*$!
{
	archiveVersion = 1;
	classes = {
	};
	objectVersion = 50;
	objects = {

/* Begin PBXBuildFile section */
		533452F224BA029C0098396C /* ContactTableViewCell.m in Sources */ = {isa = PBXBuildFile; fileRef = 533452F124BA029C0098396C /* ContactTableViewCell.m */; };
		534E460D24B85D17006C56B1 /* AppDelegate.m in Sources */ = {isa = PBXBuildFile; fileRef = 534E460C24B85D17006C56B1 /* AppDelegate.m */; };
		534E461024B85D17006C56B1 /* SceneDelegate.m in Sources */ = {isa = PBXBuildFile; fileRef = 534E460F24B85D17006C56B1 /* SceneDelegate.m */; };
		534E461324B85D17006C56B1 /* ContactViewController.m in Sources */ = {isa = PBXBuildFile; fileRef = 534E461224B85D17006C56B1 /* ContactViewController.m */; };
		534E461824B85D19006C56B1 /* Assets.xcassets in Resources */ = {isa = PBXBuildFile; fileRef = 534E461724B85D19006C56B1 /* Assets.xcassets */; };
		534E461E24B85D19006C56B1 /* main.m in Sources */ = {isa = PBXBuildFile; fileRef = 534E461D24B85D19006C56B1 /* main.m */; };
		534E462824B85D19006C56B1 /* ContactsTests.m in Sources */ = {isa = PBXBuildFile; fileRef = 534E462724B85D19006C56B1 /* ContactsTests.m */; };
		534E463324B85D1A006C56B1 /* ContactsUITests.m in Sources */ = {isa = PBXBuildFile; fileRef = 534E463224B85D1A006C56B1 /* ContactsUITests.m */; };
		534E464924B86C4B006C56B1 /* ContactTableViewModel.m in Sources */ = {isa = PBXBuildFile; fileRef = 534E464824B86C4B006C56B1 /* ContactTableViewModel.m */; };
		534E464B24B87720006C56B1 /* LaunchScreen.storyboard in Resources */ = {isa = PBXBuildFile; fileRef = 534E464A24B87720006C56B1 /* LaunchScreen.storyboard */; };
		5377209624BC838700AF3195 /* CircleCheckBox.m in Sources */ = {isa = PBXBuildFile; fileRef = 5377209524BC838700AF3195 /* CircleCheckBox.m */; };
		5377209924BC8F2A00AF3195 /* ContactTableViewDataSource.m in Sources */ = {isa = PBXBuildFile; fileRef = 5377209824BC8F2A00AF3195 /* ContactTableViewDataSource.m */; };
		5377209C24BC8F3500AF3195 /* ContactTableView.m in Sources */ = {isa = PBXBuildFile; fileRef = 5377209B24BC8F3500AF3195 /* ContactTableView.m */; };
		53A8CBCE24BD9DA800763476 /* ContactService.m in Sources */ = {isa = PBXBuildFile; fileRef = 53A8CBCD24BD9DA800763476 /* ContactService.m */; };
		53A8CBD124BDA70700763476 /* ContactEmptyLabel.m in Sources */ = {isa = PBXBuildFile; fileRef = 53A8CBD024BDA70700763476 /* ContactEmptyLabel.m */; };
		53A8CBD424BDABCC00763476 /* ContactModel.m in Sources */ = {isa = PBXBuildFile; fileRef = 53A8CBD324BDABCC00763476 /* ContactModel.m */; };
		53A8CBD724BDAF1B00763476 /* ContactModelList.m in Sources */ = {isa = PBXBuildFile; fileRef = 53A8CBD624BDAF1B00763476 /* ContactModelList.m */; };
		53A8CBDF24BE067C00763476 /* ContactTableViewDelegate.m in Sources */ = {isa = PBXBuildFile; fileRef = 53A8CBDE24BE067C00763476 /* ContactTableViewDelegate.m */; };
/* End PBXBuildFile section */

/* Begin PBXContainerItemProxy section */
		534E462424B85D19006C56B1 /* PBXContainerItemProxy */ = {
			isa = PBXContainerItemProxy;
			containerPortal = 534E460024B85D17006C56B1 /* Project object */;
			proxyType = 1;
			remoteGlobalIDString = 534E460724B85D17006C56B1;
			remoteInfo = Contacts;
		};
		534E462F24B85D1A006C56B1 /* PBXContainerItemProxy */ = {
			isa = PBXContainerItemProxy;
			containerPortal = 534E460024B85D17006C56B1 /* Project object */;
			proxyType = 1;
			remoteGlobalIDString = 534E460724B85D17006C56B1;
			remoteInfo = Contacts;
		};
/* End PBXContainerItemProxy section */

/* Begin PBXFileReference section */
		533452F024BA029C0098396C /* ContactTableViewCell.h */ = {isa = PBXFileReference; lastKnownFileType = sourcecode.c.h; path = ContactTableViewCell.h; sourceTree = "<group>"; };
		533452F124BA029C0098396C /* ContactTableViewCell.m */ = {isa = PBXFileReference; lastKnownFileType = sourcecode.c.objc; path = ContactTableViewCell.m; sourceTree = "<group>"; };
		534E460824B85D17006C56B1 /* Contacts.app */ = {isa = PBXFileReference; explicitFileType = wrapper.application; includeInIndex = 0; path = Contacts.app; sourceTree = BUILT_PRODUCTS_DIR; };
		534E460B24B85D17006C56B1 /* AppDelegate.h */ = {isa = PBXFileReference; lastKnownFileType = sourcecode.c.h; path = AppDelegate.h; sourceTree = "<group>"; };
		534E460C24B85D17006C56B1 /* AppDelegate.m */ = {isa = PBXFileReference; lastKnownFileType = sourcecode.c.objc; path = AppDelegate.m; sourceTree = "<group>"; };
		534E460E24B85D17006C56B1 /* SceneDelegate.h */ = {isa = PBXFileReference; lastKnownFileType = sourcecode.c.h; path = SceneDelegate.h; sourceTree = "<group>"; };
		534E460F24B85D17006C56B1 /* SceneDelegate.m */ = {isa = PBXFileReference; lastKnownFileType = sourcecode.c.objc; path = SceneDelegate.m; sourceTree = "<group>"; };
		534E461124B85D17006C56B1 /* ContactViewController.h */ = {isa = PBXFileReference; lastKnownFileType = sourcecode.c.h; path = ContactViewController.h; sourceTree = "<group>"; };
		534E461224B85D17006C56B1 /* ContactViewController.m */ = {isa = PBXFileReference; lastKnownFileType = sourcecode.c.objc; path = ContactViewController.m; sourceTree = "<group>"; };
		534E461724B85D19006C56B1 /* Assets.xcassets */ = {isa = PBXFileReference; lastKnownFileType = folder.assetcatalog; path = Assets.xcassets; sourceTree = "<group>"; };
		534E461C24B85D19006C56B1 /* Info.plist */ = {isa = PBXFileReference; lastKnownFileType = text.plist.xml; path = Info.plist; sourceTree = "<group>"; };
		534E461D24B85D19006C56B1 /* main.m */ = {isa = PBXFileReference; lastKnownFileType = sourcecode.c.objc; path = main.m; sourceTree = "<group>"; };
		534E462324B85D19006C56B1 /* ContactsTests.xctest */ = {isa = PBXFileReference; explicitFileType = wrapper.cfbundle; includeInIndex = 0; path = ContactsTests.xctest; sourceTree = BUILT_PRODUCTS_DIR; };
		534E462724B85D19006C56B1 /* ContactsTests.m */ = {isa = PBXFileReference; lastKnownFileType = sourcecode.c.objc; path = ContactsTests.m; sourceTree = "<group>"; };
		534E462924B85D19006C56B1 /* Info.plist */ = {isa = PBXFileReference; lastKnownFileType = text.plist.xml; path = Info.plist; sourceTree = "<group>"; };
		534E462E24B85D1A006C56B1 /* ContactsUITests.xctest */ = {isa = PBXFileReference; explicitFileType = wrapper.cfbundle; includeInIndex = 0; path = ContactsUITests.xctest; sourceTree = BUILT_PRODUCTS_DIR; };
		534E463224B85D1A006C56B1 /* ContactsUITests.m */ = {isa = PBXFileReference; lastKnownFileType = sourcecode.c.objc; path = ContactsUITests.m; sourceTree = "<group>"; };
		534E463424B85D1A006C56B1 /* Info.plist */ = {isa = PBXFileReference; lastKnownFileType = text.plist.xml; path = Info.plist; sourceTree = "<group>"; };
		534E464724B86C4B006C56B1 /* ContactTableViewModel.h */ = {isa = PBXFileReference; lastKnownFileType = sourcecode.c.h; path = ContactTableViewModel.h; sourceTree = "<group>"; };
		534E464824B86C4B006C56B1 /* ContactTableViewModel.m */ = {isa = PBXFileReference; lastKnownFileType = sourcecode.c.objc; path = ContactTableViewModel.m; sourceTree = "<group>"; };
		534E464A24B87720006C56B1 /* LaunchScreen.storyboard */ = {isa = PBXFileReference; fileEncoding = 4; lastKnownFileType = file.storyboard; path = LaunchScreen.storyboard; sourceTree = "<group>"; };
		5377209424BC838700AF3195 /* CircleCheckBox.h */ = {isa = PBXFileReference; lastKnownFileType = sourcecode.c.h; path = CircleCheckBox.h; sourceTree = "<group>"; };
		5377209524BC838700AF3195 /* CircleCheckBox.m */ = {isa = PBXFileReference; lastKnownFileType = sourcecode.c.objc; path = CircleCheckBox.m; sourceTree = "<group>"; };
		5377209724BC8F2A00AF3195 /* ContactTableViewDataSource.h */ = {isa = PBXFileReference; fileEncoding = 4; lastKnownFileType = sourcecode.c.h; path = ContactTableViewDataSource.h; sourceTree = "<group>"; };
		5377209824BC8F2A00AF3195 /* ContactTableViewDataSource.m */ = {isa = PBXFileReference; fileEncoding = 4; lastKnownFileType = sourcecode.c.objc; path = ContactTableViewDataSource.m; sourceTree = "<group>"; };
		5377209A24BC8F3500AF3195 /* ContactTableView.h */ = {isa = PBXFileReference; fileEncoding = 4; lastKnownFileType = sourcecode.c.h; path = ContactTableView.h; sourceTree = "<group>"; };
		5377209B24BC8F3500AF3195 /* ContactTableView.m */ = {isa = PBXFileReference; fileEncoding = 4; lastKnownFileType = sourcecode.c.objc; path = ContactTableView.m; sourceTree = "<group>"; };
		5377209D24BC921000AF3195 /* ContactTableViewDataSourceProtocol.h */ = {isa = PBXFileReference; lastKnownFileType = sourcecode.c.h; path = ContactTableViewDataSourceProtocol.h; sourceTree = "<group>"; };
		53A8CBCC24BD9DA800763476 /* ContactService.h */ = {isa = PBXFileReference; lastKnownFileType = sourcecode.c.h; path = ContactService.h; sourceTree = "<group>"; };
		53A8CBCD24BD9DA800763476 /* ContactService.m */ = {isa = PBXFileReference; lastKnownFileType = sourcecode.c.objc; path = ContactService.m; sourceTree = "<group>"; };
		53A8CBCF24BDA70700763476 /* ContactEmptyLabel.h */ = {isa = PBXFileReference; lastKnownFileType = sourcecode.c.h; path = ContactEmptyLabel.h; sourceTree = "<group>"; };
		53A8CBD024BDA70700763476 /* ContactEmptyLabel.m */ = {isa = PBXFileReference; lastKnownFileType = sourcecode.c.objc; path = ContactEmptyLabel.m; sourceTree = "<group>"; };
		53A8CBD224BDABCC00763476 /* ContactModel.h */ = {isa = PBXFileReference; lastKnownFileType = sourcecode.c.h; path = ContactModel.h; sourceTree = "<group>"; };
		53A8CBD324BDABCC00763476 /* ContactModel.m */ = {isa = PBXFileReference; lastKnownFileType = sourcecode.c.objc; path = ContactModel.m; sourceTree = "<group>"; };
		53A8CBD524BDAF1B00763476 /* ContactModelList.h */ = {isa = PBXFileReference; lastKnownFileType = sourcecode.c.h; path = ContactModelList.h; sourceTree = "<group>"; };
		53A8CBD624BDAF1B00763476 /* ContactModelList.m */ = {isa = PBXFileReference; lastKnownFileType = sourcecode.c.objc; path = ContactModelList.m; sourceTree = "<group>"; };
		53A8CBDB24BDB86600763476 /* ContactTableViewModelProtocol.h */ = {isa = PBXFileReference; lastKnownFileType = sourcecode.c.h; path = ContactTableViewModelProtocol.h; sourceTree = "<group>"; };
		53A8CBDD24BE067C00763476 /* ContactTableViewDelegate.h */ = {isa = PBXFileReference; lastKnownFileType = sourcecode.c.h; path = ContactTableViewDelegate.h; sourceTree = "<group>"; };
		53A8CBDE24BE067C00763476 /* ContactTableViewDelegate.m */ = {isa = PBXFileReference; lastKnownFileType = sourcecode.c.objc; path = ContactTableViewDelegate.m; sourceTree = "<group>"; };
/* End PBXFileReference section */

/* Begin PBXFrameworksBuildPhase section */
		534E460524B85D17006C56B1 /* Frameworks */ = {
			isa = PBXFrameworksBuildPhase;
			buildActionMask = 2147483647;
			files = (
			);
			runOnlyForDeploymentPostprocessing = 0;
		};
		534E462024B85D19006C56B1 /* Frameworks */ = {
			isa = PBXFrameworksBuildPhase;
			buildActionMask = 2147483647;
			files = (
			);
			runOnlyForDeploymentPostprocessing = 0;
		};
		534E462B24B85D1A006C56B1 /* Frameworks */ = {
			isa = PBXFrameworksBuildPhase;
			buildActionMask = 2147483647;
			files = (
			);
			runOnlyForDeploymentPostprocessing = 0;
		};
/* End PBXFrameworksBuildPhase section */

/* Begin PBXGroup section */
		533452EC24BA00950098396C /* TestMocks */ = {
			isa = PBXGroup;
			children = (
				5377208A24BC3D5C00AF3195 /* ViewModels */,
			);
			path = TestMocks;
			sourceTree = "<group>";
		};
		534E45FF24B85D17006C56B1 = {
			isa = PBXGroup;
			children = (
				534E460A24B85D17006C56B1 /* Contacts */,
				534E462624B85D19006C56B1 /* ContactsTests */,
				534E463124B85D1A006C56B1 /* ContactsUITests */,
				534E460924B85D17006C56B1 /* Products */,
			);
			sourceTree = "<group>";
		};
		534E460924B85D17006C56B1 /* Products */ = {
			isa = PBXGroup;
			children = (
				534E460824B85D17006C56B1 /* Contacts.app */,
				534E462324B85D19006C56B1 /* ContactsTests.xctest */,
				534E462E24B85D1A006C56B1 /* ContactsUITests.xctest */,
			);
			name = Products;
			sourceTree = "<group>";
		};
		534E460A24B85D17006C56B1 /* Contacts */ = {
			isa = PBXGroup;
			children = (
				53A8CBCB24BD9D7600763476 /* ServiceLayer */,
				533452EC24BA00950098396C /* TestMocks */,
				5377208B24BC3D6E00AF3195 /* PresentationLayer */,
				534E464024B85D30006C56B1 /* SceneAppDelegate */,
				534E461724B85D19006C56B1 /* Assets.xcassets */,
				534E464A24B87720006C56B1 /* LaunchScreen.storyboard */,
				534E461C24B85D19006C56B1 /* Info.plist */,
				534E461D24B85D19006C56B1 /* main.m */,
			);
			path = Contacts;
			sourceTree = "<group>";
		};
		534E462624B85D19006C56B1 /* ContactsTests */ = {
			isa = PBXGroup;
			children = (
				534E462724B85D19006C56B1 /* ContactsTests.m */,
				534E462924B85D19006C56B1 /* Info.plist */,
			);
			path = ContactsTests;
			sourceTree = "<group>";
		};
		534E463124B85D1A006C56B1 /* ContactsUITests */ = {
			isa = PBXGroup;
			children = (
				534E463224B85D1A006C56B1 /* ContactsUITests.m */,
				534E463424B85D1A006C56B1 /* Info.plist */,
			);
			path = ContactsUITests;
			sourceTree = "<group>";
		};
		534E464024B85D30006C56B1 /* SceneAppDelegate */ = {
			isa = PBXGroup;
			children = (
				534E460B24B85D17006C56B1 /* AppDelegate.h */,
				534E460C24B85D17006C56B1 /* AppDelegate.m */,
				534E460E24B85D17006C56B1 /* SceneDelegate.h */,
				534E460F24B85D17006C56B1 /* SceneDelegate.m */,
			);
			path = SceneAppDelegate;
			sourceTree = "<group>";
		};
		534E464124B85D3E006C56B1 /* ViewControllers */ = {
			isa = PBXGroup;
			children = (
				534E461124B85D17006C56B1 /* ContactViewController.h */,
				534E461224B85D17006C56B1 /* ContactViewController.m */,
			);
			path = ViewControllers;
			sourceTree = "<group>";
		};
		534E464224B8641E006C56B1 /* Views */ = {
			isa = PBXGroup;
			children = (
				5377208E24BC3E8D00AF3195 /* TableView */,
				53A8CBCF24BDA70700763476 /* ContactEmptyLabel.h */,
				53A8CBD024BDA70700763476 /* ContactEmptyLabel.m */,
			);
			path = Views;
			sourceTree = "<group>";
		};
		534E464624B86C18006C56B1 /* ViewModels */ = {
			isa = PBXGroup;
			children = (
				534E464724B86C4B006C56B1 /* ContactTableViewModel.h */,
				534E464824B86C4B006C56B1 /* ContactTableViewModel.m */,
				53A8CBDB24BDB86600763476 /* ContactTableViewModelProtocol.h */,
			);
			path = ViewModels;
			sourceTree = "<group>";
		};
		5377208A24BC3D5C00AF3195 /* ViewModels */ = {
			isa = PBXGroup;
			children = (
			);
			path = ViewModels;
			sourceTree = "<group>";
		};
		5377208B24BC3D6E00AF3195 /* PresentationLayer */ = {
			isa = PBXGroup;
			children = (
				5377209224BC709900AF3195 /* Models */,
				534E464624B86C18006C56B1 /* ViewModels */,
				534E464224B8641E006C56B1 /* Views */,
				534E464124B85D3E006C56B1 /* ViewControllers */,
			);
			path = PresentationLayer;
			sourceTree = "<group>";
		};
		5377208E24BC3E8D00AF3195 /* TableView */ = {
			isa = PBXGroup;
			children = (
				5377209A24BC8F3500AF3195 /* ContactTableView.h */,
				5377209B24BC8F3500AF3195 /* ContactTableView.m */,
				53A8CBDC24BE062600763476 /* Delegate */,
				5377209024BC3F2D00AF3195 /* DataSource */,
				5377208F24BC3E9E00AF3195 /* Cell */,
			);
			path = TableView;
			sourceTree = "<group>";
		};
		5377208F24BC3E9E00AF3195 /* Cell */ = {
			isa = PBXGroup;
			children = (
				5377209324BC836D00AF3195 /* Button */,
				533452F024BA029C0098396C /* ContactTableViewCell.h */,
				533452F124BA029C0098396C /* ContactTableViewCell.m */,
			);
			path = Cell;
			sourceTree = "<group>";
		};
		5377209024BC3F2D00AF3195 /* DataSource */ = {
			isa = PBXGroup;
			children = (
				5377209724BC8F2A00AF3195 /* ContactTableViewDataSource.h */,
				5377209824BC8F2A00AF3195 /* ContactTableViewDataSource.m */,
				5377209D24BC921000AF3195 /* ContactTableViewDataSourceProtocol.h */,
			);
			path = DataSource;
			sourceTree = "<group>";
		};
		5377209224BC709900AF3195 /* Models */ = {
			isa = PBXGroup;
			children = (
				53A8CBD224BDABCC00763476 /* ContactModel.h */,
				53A8CBD324BDABCC00763476 /* ContactModel.m */,
				53A8CBD524BDAF1B00763476 /* ContactModelList.h */,
				53A8CBD624BDAF1B00763476 /* ContactModelList.m */,
			);
			path = Models;
			sourceTree = "<group>";
		};
		5377209324BC836D00AF3195 /* Button */ = {
			isa = PBXGroup;
			children = (
				5377209424BC838700AF3195 /* CircleCheckBox.h */,
				5377209524BC838700AF3195 /* CircleCheckBox.m */,
			);
			path = Button;
			sourceTree = "<group>";
		};
		53A8CBCB24BD9D7600763476 /* ServiceLayer */ = {
			isa = PBXGroup;
			children = (
				53A8CBCC24BD9DA800763476 /* ContactService.h */,
				53A8CBCD24BD9DA800763476 /* ContactService.m */,
			);
			path = ServiceLayer;
			sourceTree = "<group>";
		};
		53A8CBDC24BE062600763476 /* Delegate */ = {
			isa = PBXGroup;
			children = (
				53A8CBDD24BE067C00763476 /* ContactTableViewDelegate.h */,
				53A8CBDE24BE067C00763476 /* ContactTableViewDelegate.m */,
			);
			path = Delegate;
			sourceTree = "<group>";
		};
/* End PBXGroup section */

/* Begin PBXNativeTarget section */
		534E460724B85D17006C56B1 /* Contacts */ = {
			isa = PBXNativeTarget;
			buildConfigurationList = 534E463724B85D1A006C56B1 /* Build configuration list for PBXNativeTarget "Contacts" */;
			buildPhases = (
				534E460424B85D17006C56B1 /* Sources */,
				534E460524B85D17006C56B1 /* Frameworks */,
				534E460624B85D17006C56B1 /* Resources */,
			);
			buildRules = (
			);
			dependencies = (
			);
			name = Contacts;
			productName = Contacts;
			productReference = 534E460824B85D17006C56B1 /* Contacts.app */;
			productType = "com.apple.product-type.application";
		};
		534E462224B85D19006C56B1 /* ContactsTests */ = {
			isa = PBXNativeTarget;
			buildConfigurationList = 534E463A24B85D1A006C56B1 /* Build configuration list for PBXNativeTarget "ContactsTests" */;
			buildPhases = (
				534E461F24B85D19006C56B1 /* Sources */,
				534E462024B85D19006C56B1 /* Frameworks */,
				534E462124B85D19006C56B1 /* Resources */,
			);
			buildRules = (
			);
			dependencies = (
				534E462524B85D19006C56B1 /* PBXTargetDependency */,
			);
			name = ContactsTests;
			productName = ContactsTests;
			productReference = 534E462324B85D19006C56B1 /* ContactsTests.xctest */;
			productType = "com.apple.product-type.bundle.unit-test";
		};
		534E462D24B85D1A006C56B1 /* ContactsUITests */ = {
			isa = PBXNativeTarget;
			buildConfigurationList = 534E463D24B85D1A006C56B1 /* Build configuration list for PBXNativeTarget "ContactsUITests" */;
			buildPhases = (
				534E462A24B85D1A006C56B1 /* Sources */,
				534E462B24B85D1A006C56B1 /* Frameworks */,
				534E462C24B85D1A006C56B1 /* Resources */,
			);
			buildRules = (
			);
			dependencies = (
				534E463024B85D1A006C56B1 /* PBXTargetDependency */,
			);
			name = ContactsUITests;
			productName = ContactsUITests;
			productReference = 534E462E24B85D1A006C56B1 /* ContactsUITests.xctest */;
			productType = "com.apple.product-type.bundle.ui-testing";
		};
/* End PBXNativeTarget section */

/* Begin PBXProject section */
		534E460024B85D17006C56B1 /* Project object */ = {
			isa = PBXProject;
			attributes = {
				LastUpgradeCheck = 1150;
				ORGANIZATIONNAME = "Do Thai Bao";
				TargetAttributes = {
					534E460724B85D17006C56B1 = {
						CreatedOnToolsVersion = 11.5;
					};
					534E462224B85D19006C56B1 = {
						CreatedOnToolsVersion = 11.5;
						TestTargetID = 534E460724B85D17006C56B1;
					};
					534E462D24B85D1A006C56B1 = {
						CreatedOnToolsVersion = 11.5;
						TestTargetID = 534E460724B85D17006C56B1;
					};
				};
			};
			buildConfigurationList = 534E460324B85D17006C56B1 /* Build configuration list for PBXProject "Contacts" */;
			compatibilityVersion = "Xcode 9.3";
			developmentRegion = en;
			hasScannedForEncodings = 0;
			knownRegions = (
				en,
				Base,
			);
			mainGroup = 534E45FF24B85D17006C56B1;
			productRefGroup = 534E460924B85D17006C56B1 /* Products */;
			projectDirPath = "";
			projectRoot = "";
			targets = (
				534E460724B85D17006C56B1 /* Contacts */,
				534E462224B85D19006C56B1 /* ContactsTests */,
				534E462D24B85D1A006C56B1 /* ContactsUITests */,
			);
		};
/* End PBXProject section */

/* Begin PBXResourcesBuildPhase section */
		534E460624B85D17006C56B1 /* Resources */ = {
			isa = PBXResourcesBuildPhase;
			buildActionMask = 2147483647;
			files = (
				534E461824B85D19006C56B1 /* Assets.xcassets in Resources */,
				534E464B24B87720006C56B1 /* LaunchScreen.storyboard in Resources */,
			);
			runOnlyForDeploymentPostprocessing = 0;
		};
		534E462124B85D19006C56B1 /* Resources */ = {
			isa = PBXResourcesBuildPhase;
			buildActionMask = 2147483647;
			files = (
			);
			runOnlyForDeploymentPostprocessing = 0;
		};
		534E462C24B85D1A006C56B1 /* Resources */ = {
			isa = PBXResourcesBuildPhase;
			buildActionMask = 2147483647;
			files = (
			);
			runOnlyForDeploymentPostprocessing = 0;
		};
/* End PBXResourcesBuildPhase section */

/* Begin PBXSourcesBuildPhase section */
		534E460424B85D17006C56B1 /* Sources */ = {
			isa = PBXSourcesBuildPhase;
			buildActionMask = 2147483647;
			files = (
				53A8CBD724BDAF1B00763476 /* ContactModelList.m in Sources */,
				53A8CBDF24BE067C00763476 /* ContactTableViewDelegate.m in Sources */,
				53A8CBD124BDA70700763476 /* ContactEmptyLabel.m in Sources */,
				534E461324B85D17006C56B1 /* ContactViewController.m in Sources */,
				53A8CBCE24BD9DA800763476 /* ContactService.m in Sources */,
				5377209624BC838700AF3195 /* CircleCheckBox.m in Sources */,
				534E460D24B85D17006C56B1 /* AppDelegate.m in Sources */,
				5377209924BC8F2A00AF3195 /* ContactTableViewDataSource.m in Sources */,
				534E461E24B85D19006C56B1 /* main.m in Sources */,
				534E464924B86C4B006C56B1 /* ContactTableViewModel.m in Sources */,
				534E461024B85D17006C56B1 /* SceneDelegate.m in Sources */,
				53A8CBD424BDABCC00763476 /* ContactModel.m in Sources */,
				5377209C24BC8F3500AF3195 /* ContactTableView.m in Sources */,
				533452F224BA029C0098396C /* ContactTableViewCell.m in Sources */,
			);
			runOnlyForDeploymentPostprocessing = 0;
		};
		534E461F24B85D19006C56B1 /* Sources */ = {
			isa = PBXSourcesBuildPhase;
			buildActionMask = 2147483647;
			files = (
				534E462824B85D19006C56B1 /* ContactsTests.m in Sources */,
			);
			runOnlyForDeploymentPostprocessing = 0;
		};
		534E462A24B85D1A006C56B1 /* Sources */ = {
			isa = PBXSourcesBuildPhase;
			buildActionMask = 2147483647;
			files = (
				534E463324B85D1A006C56B1 /* ContactsUITests.m in Sources */,
			);
			runOnlyForDeploymentPostprocessing = 0;
		};
/* End PBXSourcesBuildPhase section */

/* Begin PBXTargetDependency section */
		534E462524B85D19006C56B1 /* PBXTargetDependency */ = {
			isa = PBXTargetDependency;
			target = 534E460724B85D17006C56B1 /* Contacts */;
			targetProxy = 534E462424B85D19006C56B1 /* PBXContainerItemProxy */;
		};
		534E463024B85D1A006C56B1 /* PBXTargetDependency */ = {
			isa = PBXTargetDependency;
			target = 534E460724B85D17006C56B1 /* Contacts */;
			targetProxy = 534E462F24B85D1A006C56B1 /* PBXContainerItemProxy */;
		};
/* End PBXTargetDependency section */

/* Begin XCBuildConfiguration section */
		534E463524B85D1A006C56B1 /* Debug */ = {
			isa = XCBuildConfiguration;
			buildSettings = {
				ALWAYS_SEARCH_USER_PATHS = NO;
				CLANG_ANALYZER_NONNULL = YES;
				CLANG_ANALYZER_NUMBER_OBJECT_CONVERSION = YES_AGGRESSIVE;
				CLANG_CXX_LANGUAGE_STANDARD = "gnu++14";
				CLANG_CXX_LIBRARY = "libc++";
				CLANG_ENABLE_MODULES = YES;
				CLANG_ENABLE_OBJC_ARC = YES;
				CLANG_ENABLE_OBJC_WEAK = YES;
				CLANG_WARN_BLOCK_CAPTURE_AUTORELEASING = YES;
				CLANG_WARN_BOOL_CONVERSION = YES;
				CLANG_WARN_COMMA = YES;
				CLANG_WARN_CONSTANT_CONVERSION = YES;
				CLANG_WARN_DEPRECATED_OBJC_IMPLEMENTATIONS = YES;
				CLANG_WARN_DIRECT_OBJC_ISA_USAGE = YES_ERROR;
				CLANG_WARN_DOCUMENTATION_COMMENTS = YES;
				CLANG_WARN_EMPTY_BODY = YES;
				CLANG_WARN_ENUM_CONVERSION = YES;
				CLANG_WARN_INFINITE_RECURSION = YES;
				CLANG_WARN_INT_CONVERSION = YES;
				CLANG_WARN_NON_LITERAL_NULL_CONVERSION = YES;
				CLANG_WARN_OBJC_IMPLICIT_RETAIN_SELF = YES;
				CLANG_WARN_OBJC_LITERAL_CONVERSION = YES;
				CLANG_WARN_OBJC_ROOT_CLASS = YES_ERROR;
				CLANG_WARN_RANGE_LOOP_ANALYSIS = YES;
				CLANG_WARN_STRICT_PROTOTYPES = YES;
				CLANG_WARN_SUSPICIOUS_MOVE = YES;
				CLANG_WARN_UNGUARDED_AVAILABILITY = YES_AGGRESSIVE;
				CLANG_WARN_UNREACHABLE_CODE = YES;
				CLANG_WARN__DUPLICATE_METHOD_MATCH = YES;
				COPY_PHASE_STRIP = NO;
				DEBUG_INFORMATION_FORMAT = dwarf;
				ENABLE_STRICT_OBJC_MSGSEND = YES;
				ENABLE_TESTABILITY = YES;
				GCC_C_LANGUAGE_STANDARD = gnu11;
				GCC_DYNAMIC_NO_PIC = NO;
				GCC_NO_COMMON_BLOCKS = YES;
				GCC_OPTIMIZATION_LEVEL = 0;
				GCC_PREPROCESSOR_DEFINITIONS = (
					"DEBUG=1",
					"$(inherited)",
				);
				GCC_WARN_64_TO_32_BIT_CONVERSION = YES;
				GCC_WARN_ABOUT_RETURN_TYPE = YES_ERROR;
				GCC_WARN_UNDECLARED_SELECTOR = YES;
				GCC_WARN_UNINITIALIZED_AUTOS = YES_AGGRESSIVE;
				GCC_WARN_UNUSED_FUNCTION = YES;
				GCC_WARN_UNUSED_VARIABLE = YES;
				IPHONEOS_DEPLOYMENT_TARGET = 10.0;
				MTL_ENABLE_DEBUG_INFO = INCLUDE_SOURCE;
				MTL_FAST_MATH = YES;
				ONLY_ACTIVE_ARCH = YES;
				SDKROOT = iphoneos;
			};
			name = Debug;
		};
		534E463624B85D1A006C56B1 /* Release */ = {
			isa = XCBuildConfiguration;
			buildSettings = {
				ALWAYS_SEARCH_USER_PATHS = NO;
				CLANG_ANALYZER_NONNULL = YES;
				CLANG_ANALYZER_NUMBER_OBJECT_CONVERSION = YES_AGGRESSIVE;
				CLANG_CXX_LANGUAGE_STANDARD = "gnu++14";
				CLANG_CXX_LIBRARY = "libc++";
				CLANG_ENABLE_MODULES = YES;
				CLANG_ENABLE_OBJC_ARC = YES;
				CLANG_ENABLE_OBJC_WEAK = YES;
				CLANG_WARN_BLOCK_CAPTURE_AUTORELEASING = YES;
				CLANG_WARN_BOOL_CONVERSION = YES;
				CLANG_WARN_COMMA = YES;
				CLANG_WARN_CONSTANT_CONVERSION = YES;
				CLANG_WARN_DEPRECATED_OBJC_IMPLEMENTATIONS = YES;
				CLANG_WARN_DIRECT_OBJC_ISA_USAGE = YES_ERROR;
				CLANG_WARN_DOCUMENTATION_COMMENTS = YES;
				CLANG_WARN_EMPTY_BODY = YES;
				CLANG_WARN_ENUM_CONVERSION = YES;
				CLANG_WARN_INFINITE_RECURSION = YES;
				CLANG_WARN_INT_CONVERSION = YES;
				CLANG_WARN_NON_LITERAL_NULL_CONVERSION = YES;
				CLANG_WARN_OBJC_IMPLICIT_RETAIN_SELF = YES;
				CLANG_WARN_OBJC_LITERAL_CONVERSION = YES;
				CLANG_WARN_OBJC_ROOT_CLASS = YES_ERROR;
				CLANG_WARN_RANGE_LOOP_ANALYSIS = YES;
				CLANG_WARN_STRICT_PROTOTYPES = YES;
				CLANG_WARN_SUSPICIOUS_MOVE = YES;
				CLANG_WARN_UNGUARDED_AVAILABILITY = YES_AGGRESSIVE;
				CLANG_WARN_UNREACHABLE_CODE = YES;
				CLANG_WARN__DUPLICATE_METHOD_MATCH = YES;
				COPY_PHASE_STRIP = NO;
				DEBUG_INFORMATION_FORMAT = "dwarf-with-dsym";
				ENABLE_NS_ASSERTIONS = NO;
				ENABLE_STRICT_OBJC_MSGSEND = YES;
				GCC_C_LANGUAGE_STANDARD = gnu11;
				GCC_NO_COMMON_BLOCKS = YES;
				GCC_WARN_64_TO_32_BIT_CONVERSION = YES;
				GCC_WARN_ABOUT_RETURN_TYPE = YES_ERROR;
				GCC_WARN_UNDECLARED_SELECTOR = YES;
				GCC_WARN_UNINITIALIZED_AUTOS = YES_AGGRESSIVE;
				GCC_WARN_UNUSED_FUNCTION = YES;
				GCC_WARN_UNUSED_VARIABLE = YES;
				IPHONEOS_DEPLOYMENT_TARGET = 10.0;
				MTL_ENABLE_DEBUG_INFO = NO;
				MTL_FAST_MATH = YES;
				SDKROOT = iphoneos;
				VALIDATE_PRODUCT = YES;
			};
			name = Release;
		};
		534E463824B85D1A006C56B1 /* Debug */ = {
			isa = XCBuildConfiguration;
			buildSettings = {
				ASSETCATALOG_COMPILER_APPICON_NAME = AppIcon;
				CODE_SIGN_STYLE = Automatic;
				DEVELOPMENT_TEAM = 5B2U8Z6S6K;
				INFOPLIST_FILE = Contacts/Info.plist;
				LD_RUNPATH_SEARCH_PATHS = (
					"$(inherited)",
					"@executable_path/Frameworks",
				);
				PRODUCT_BUNDLE_IDENTIFIER = piendop.Contacts;
				PRODUCT_NAME = "$(TARGET_NAME)";
				TARGETED_DEVICE_FAMILY = "1,2";
			};
			name = Debug;
		};
		534E463924B85D1A006C56B1 /* Release */ = {
			isa = XCBuildConfiguration;
			buildSettings = {
				ASSETCATALOG_COMPILER_APPICON_NAME = AppIcon;
				CODE_SIGN_STYLE = Automatic;
				DEVELOPMENT_TEAM = 5B2U8Z6S6K;
				INFOPLIST_FILE = Contacts/Info.plist;
				LD_RUNPATH_SEARCH_PATHS = (
					"$(inherited)",
					"@executable_path/Frameworks",
				);
				PRODUCT_BUNDLE_IDENTIFIER = piendop.Contacts;
				PRODUCT_NAME = "$(TARGET_NAME)";
				TARGETED_DEVICE_FAMILY = "1,2";
			};
			name = Release;
		};
		534E463B24B85D1A006C56B1 /* Debug */ = {
			isa = XCBuildConfiguration;
			buildSettings = {
				BUNDLE_LOADER = "$(TEST_HOST)";
				CODE_SIGN_STYLE = Automatic;
				DEVELOPMENT_TEAM = 5B2U8Z6S6K;
				INFOPLIST_FILE = ContactsTests/Info.plist;
				IPHONEOS_DEPLOYMENT_TARGET = 13.5;
				LD_RUNPATH_SEARCH_PATHS = (
					"$(inherited)",
					"@executable_path/Frameworks",
					"@loader_path/Frameworks",
				);
				PRODUCT_BUNDLE_IDENTIFIER = piendop.ContactsTests;
				PRODUCT_NAME = "$(TARGET_NAME)";
				TARGETED_DEVICE_FAMILY = "1,2";
				TEST_HOST = "$(BUILT_PRODUCTS_DIR)/Contacts.app/Contacts";
			};
			name = Debug;
		};
		534E463C24B85D1A006C56B1 /* Release */ = {
			isa = XCBuildConfiguration;
			buildSettings = {
				BUNDLE_LOADER = "$(TEST_HOST)";
				CODE_SIGN_STYLE = Automatic;
				DEVELOPMENT_TEAM = 5B2U8Z6S6K;
				INFOPLIST_FILE = ContactsTests/Info.plist;
				IPHONEOS_DEPLOYMENT_TARGET = 13.5;
				LD_RUNPATH_SEARCH_PATHS = (
					"$(inherited)",
					"@executable_path/Frameworks",
					"@loader_path/Frameworks",
				);
				PRODUCT_BUNDLE_IDENTIFIER = piendop.ContactsTests;
				PRODUCT_NAME = "$(TARGET_NAME)";
				TARGETED_DEVICE_FAMILY = "1,2";
				TEST_HOST = "$(BUILT_PRODUCTS_DIR)/Contacts.app/Contacts";
			};
			name = Release;
		};
		534E463E24B85D1A006C56B1 /* Debug */ = {
			isa = XCBuildConfiguration;
			buildSettings = {
				CODE_SIGN_STYLE = Automatic;
				DEVELOPMENT_TEAM = 5B2U8Z6S6K;
				INFOPLIST_FILE = ContactsUITests/Info.plist;
				LD_RUNPATH_SEARCH_PATHS = (
					"$(inherited)",
					"@executable_path/Frameworks",
					"@loader_path/Frameworks",
				);
				PRODUCT_BUNDLE_IDENTIFIER = piendop.ContactsUITests;
				PRODUCT_NAME = "$(TARGET_NAME)";
				TARGETED_DEVICE_FAMILY = "1,2";
				TEST_TARGET_NAME = Contacts;
			};
			name = Debug;
		};
		534E463F24B85D1A006C56B1 /* Release */ = {
			isa = XCBuildConfiguration;
			buildSettings = {
				CODE_SIGN_STYLE = Automatic;
				DEVELOPMENT_TEAM = 5B2U8Z6S6K;
				INFOPLIST_FILE = ContactsUITests/Info.plist;
				LD_RUNPATH_SEARCH_PATHS = (
					"$(inherited)",
					"@executable_path/Frameworks",
					"@loader_path/Frameworks",
				);
				PRODUCT_BUNDLE_IDENTIFIER = piendop.ContactsUITests;
				PRODUCT_NAME = "$(TARGET_NAME)";
				TARGETED_DEVICE_FAMILY = "1,2";
				TEST_TARGET_NAME = Contacts;
			};
			name = Release;
		};
/* End XCBuildConfiguration section */

/* Begin XCConfigurationList section */
		534E460324B85D17006C56B1 /* Build configuration list for PBXProject "Contacts" */ = {
			isa = XCConfigurationList;
			buildConfigurations = (
				534E463524B85D1A006C56B1 /* Debug */,
				534E463624B85D1A006C56B1 /* Release */,
			);
			defaultConfigurationIsVisible = 0;
			defaultConfigurationName = Release;
		};
		534E463724B85D1A006C56B1 /* Build configuration list for PBXNativeTarget "Contacts" */ = {
			isa = XCConfigurationList;
			buildConfigurations = (
				534E463824B85D1A006C56B1 /* Debug */,
				534E463924B85D1A006C56B1 /* Release */,
			);
			defaultConfigurationIsVisible = 0;
			defaultConfigurationName = Release;
		};
		534E463A24B85D1A006C56B1 /* Build configuration list for PBXNativeTarget "ContactsTests" */ = {
			isa = XCConfigurationList;
			buildConfigurations = (
				534E463B24B85D1A006C56B1 /* Debug */,
				534E463C24B85D1A006C56B1 /* Release */,
			);
			defaultConfigurationIsVisible = 0;
			defaultConfigurationName = Release;
		};
		534E463D24B85D1A006C56B1 /* Build configuration list for PBXNativeTarget "ContactsUITests" */ = {
			isa = XCConfigurationList;
			buildConfigurations = (
				534E463E24B85D1A006C56B1 /* Debug */,
				534E463F24B85D1A006C56B1 /* Release */,
			);
			defaultConfigurationIsVisible = 0;
			defaultConfigurationName = Release;
		};
/* End XCConfigurationList section */
	};
	rootObject = 534E460024B85D17006C56B1 /* Project object */;
}
